
Microsoft Visual Studio Solution File, Format Version 12.00
# Visual Studio Version 16
VisualStudioVersion = 16.0.32126.315
MinimumVisualStudioVersion = 10.0.40219.1
Project("{FAE04EC0-301F-11D3-BF4B-00C04F79EFBC}") = "Aplikacja", "Aplikacja.csproj", "{4C887379-707C-4A50-A268-7A43566DCFF2}"
EndProject
Global
	GlobalSection(SolutionConfigurationPlatforms) = preSolution
		Debug|Any CPU = Debug|Any CPU
		Release|Any CPU = Release|Any CPU
	EndGlobalSection
	GlobalSection(ProjectConfigurationPlatforms) = postSolution
		{4C887379-707C-4A50-A268-7A43566DCFF2}.Debug|Any CPU.ActiveCfg = Debug|Any CPU
		{4C887379-707C-4A50-A268-7A43566DCFF2}.Debug|Any CPU.Build.0 = Debug|Any CPU
		{4C887379-707C-4A50-A268-7A43566DCFF2}.Release|Any CPU.ActiveCfg = Release|Any CPU
		{4C887379-707C-4A50-A268-7A43566DCFF2}.Release|Any CPU.Build.0 = Release|Any CPU
	EndGlobalSection
	GlobalSection(SolutionProperties) = preSolution
		HideSolutionNode = FALSE
	EndGlobalSection
	GlobalSection(ExtensibilityGlobals) = postSolution
		SolutionGuid = {0EC5B0C9-91A6-4B2D-98A3-D4C1AA025337}
	EndGlobalSection
EndGlobal
